// !$*UTF8*$!
{
	archiveVersion = 1;
	classes = {
	};
	objectVersion = 46;
	objects = {

/* Begin PBXBuildFile section */
		0317BCB41A27776E0032208E /* DataManager.swift in Sources */ = {isa = PBXBuildFile; fileRef = 0317BCB31A27776E0032208E /* DataManager.swift */; };
		0317BCB61A277CE50032208E /* SwiftJSON.swift in Sources */ = {isa = PBXBuildFile; fileRef = 0317BCB51A277CE50032208E /* SwiftJSON.swift */; };
		0317BCBC1A27F2450032208E /* ConferenceTableViewController.swift in Sources */ = {isa = PBXBuildFile; fileRef = 0317BCBB1A27F2450032208E /* ConferenceTableViewController.swift */; };
		1E35388A1A3E35B2003EA851 /* CoreText.framework in Frameworks */ = {isa = PBXBuildFile; fileRef = 1E3538891A3E35B2003EA851 /* CoreText.framework */; };
		1E35388C1A3E35CF003EA851 /* CoreImage.framework in Frameworks */ = {isa = PBXBuildFile; fileRef = 1E35388B1A3E35CF003EA851 /* CoreImage.framework */; };
		1E35388E1A3E35DD003EA851 /* libxml2.dylib in Frameworks */ = {isa = PBXBuildFile; fileRef = 1E35388D1A3E35DD003EA851 /* libxml2.dylib */; };
		1E3538901A3E35E6003EA851 /* QuartzCore.framework in Frameworks */ = {isa = PBXBuildFile; fileRef = 1E35388F1A3E35E6003EA851 /* QuartzCore.framework */; };
		1E3538921A3E35F1003EA851 /* CoreGraphics.framework in Frameworks */ = {isa = PBXBuildFile; fileRef = 1E3538911A3E35F1003EA851 /* CoreGraphics.framework */; };
		1E3538941A3E3614003EA851 /* UIKit.framework in Frameworks */ = {isa = PBXBuildFile; fileRef = 1E3538931A3E3614003EA851 /* UIKit.framework */; };
		1E35389A1A3E3E44003EA851 /* HomeViewController.swift in Sources */ = {isa = PBXBuildFile; fileRef = 1E3538971A3E3E44003EA851 /* HomeViewController.swift */; };
		1E3539291A3F09E3003EA851 /* MapViewController.swift in Sources */ = {isa = PBXBuildFile; fileRef = 1E3538981A3E3E44003EA851 /* MapViewController.swift */; };
		1E35392A1A3F09E9003EA851 /* MenuViewController.swift in Sources */ = {isa = PBXBuildFile; fileRef = 1E3538991A3E3E44003EA851 /* MenuViewController.swift */; };
		1E38D7361A2B8D4400742800 /* ModelBuilder.swift in Sources */ = {isa = PBXBuildFile; fileRef = 1E38D7351A2B8D4400742800 /* ModelBuilder.swift */; };
		1E38D7391A2BB3BB00742800 /* Operators.swift in Sources */ = {isa = PBXBuildFile; fileRef = 1E38D7381A2BB3BB00742800 /* Operators.swift */; };
		1E38D73B1A2BB3D900742800 /* JSON.swift in Sources */ = {isa = PBXBuildFile; fileRef = 1E38D73A1A2BB3D900742800 /* JSON.swift */; };
		1E38D73E1A2BB4A500742800 /* JSONService.swift in Sources */ = {isa = PBXBuildFile; fileRef = 1E38D73D1A2BB4A500742800 /* JSONService.swift */; };
		1E38D7401A2BB60F00742800 /* URLFactory.swift in Sources */ = {isa = PBXBuildFile; fileRef = 1E38D73F1A2BB60F00742800 /* URLFactory.swift */; };
		1E8283601A2534D000889E31 /* AppDelegate.swift in Sources */ = {isa = PBXBuildFile; fileRef = 1E82835F1A2534D000889E31 /* AppDelegate.swift */; };
		1E8283651A2534D000889E31 /* Main.storyboard in Resources */ = {isa = PBXBuildFile; fileRef = 1E8283631A2534D000889E31 /* Main.storyboard */; };
		1E8283671A2534D000889E31 /* Images.xcassets in Resources */ = {isa = PBXBuildFile; fileRef = 1E8283661A2534D000889E31 /* Images.xcassets */; };
		1E82836A1A2534D000889E31 /* LaunchScreen.xib in Resources */ = {isa = PBXBuildFile; fileRef = 1E8283681A2534D000889E31 /* LaunchScreen.xib */; };
		1E8283761A2534D000889E31 /* Projet_S9Tests.swift in Sources */ = {isa = PBXBuildFile; fileRef = 1E8283751A2534D000889E31 /* Projet_S9Tests.swift */; };
		1E82838D1A2535E600889E31 /* ECPercentDrivenInteractiveTransition.m in Sources */ = {isa = PBXBuildFile; fileRef = 1E8283811A2535E600889E31 /* ECPercentDrivenInteractiveTransition.m */; };
		1E82838E1A2535E600889E31 /* ECSlidingAnimationController.m in Sources */ = {isa = PBXBuildFile; fileRef = 1E8283831A2535E600889E31 /* ECSlidingAnimationController.m */; };
		1E82838F1A2535E600889E31 /* ECSlidingInteractiveTransition.m in Sources */ = {isa = PBXBuildFile; fileRef = 1E8283861A2535E600889E31 /* ECSlidingInteractiveTransition.m */; };
		1E8283901A2535E600889E31 /* ECSlidingSegue.m in Sources */ = {isa = PBXBuildFile; fileRef = 1E8283881A2535E600889E31 /* ECSlidingSegue.m */; };
		1E8283911A2535E600889E31 /* ECSlidingViewController.m in Sources */ = {isa = PBXBuildFile; fileRef = 1E82838A1A2535E600889E31 /* ECSlidingViewController.m */; };
		1E8283921A2535E600889E31 /* UIViewController+ECSlidingViewController.m in Sources */ = {isa = PBXBuildFile; fileRef = 1E82838C1A2535E600889E31 /* UIViewController+ECSlidingViewController.m */; };
		1E84C1B71A45976100180DF2 /* libSVGKit-iOS.1.2.0.a in Frameworks */ = {isa = PBXBuildFile; fileRef = 1E84C1B61A45976100180DF2 /* libSVGKit-iOS.1.2.0.a */; };
		1EBA50391A3CD9AD00894C4D /* MenuItem.swift in Sources */ = {isa = PBXBuildFile; fileRef = 1EBA50381A3CD9AD00894C4D /* MenuItem.swift */; };
		1EC96AFA1A2B36C4001B1065 /* Conference.swift in Sources */ = {isa = PBXBuildFile; fileRef = 1EC96AF91A2B36C4001B1065 /* Conference.swift */; };
		1EC96AFC1A2B3B7E001B1065 /* Track.swift in Sources */ = {isa = PBXBuildFile; fileRef = 1EC96AFB1A2B3B7E001B1065 /* Track.swift */; };
		1EC96AFE1A2B4059001B1065 /* Session.swift in Sources */ = {isa = PBXBuildFile; fileRef = 1EC96AFD1A2B4059001B1065 /* Session.swift */; };
		1EC96B001A2B415D001B1065 /* Talk.swift in Sources */ = {isa = PBXBuildFile; fileRef = 1EC96AFF1A2B415D001B1065 /* Talk.swift */; };
		1ECA75E81A45940000FA9D07 /* R+1.svg in Resources */ = {isa = PBXBuildFile; fileRef = 1ECA75E31A45940000FA9D07 /* R+1.svg */; };
		1ECA75E91A45940000FA9D07 /* R+2.svg in Resources */ = {isa = PBXBuildFile; fileRef = 1ECA75E41A45940000FA9D07 /* R+2.svg */; };
		1ECA75EA1A45940000FA9D07 /* R+3.svg in Resources */ = {isa = PBXBuildFile; fileRef = 1ECA75E51A45940000FA9D07 /* R+3.svg */; };
		1ECA75EB1A45940000FA9D07 /* SS.svg in Resources */ = {isa = PBXBuildFile; fileRef = 1ECA75E61A45940000FA9D07 /* SS.svg */; };
		1ECA75EC1A45940000FA9D07 /* RDC.svg in Resources */ = {isa = PBXBuildFile; fileRef = 1ECA75E71A45940000FA9D07 /* RDC.svg */; };
		1ECB77EF1A28C8B3007AABB3 /* BeaconManager.swift in Sources */ = {isa = PBXBuildFile; fileRef = 1ECB77EE1A28C8B3007AABB3 /* BeaconManager.swift */; };
		1ECB77F11A28CC80007AABB3 /* CoreLocation.framework in Frameworks */ = {isa = PBXBuildFile; fileRef = 1ECB77F01A28CC80007AABB3 /* CoreLocation.framework */; };
/* End PBXBuildFile section */

/* Begin PBXContainerItemProxy section */
		1E8283701A2534D000889E31 /* PBXContainerItemProxy */ = {
			isa = PBXContainerItemProxy;
			containerPortal = 1E8283521A2534D000889E31 /* Project object */;
			proxyType = 1;
			remoteGlobalIDString = 1E8283591A2534D000889E31;
			remoteInfo = "Projet S9";
		};
/* End PBXContainerItemProxy section */

/* Begin PBXFileReference section */
		0317BCB31A27776E0032208E /* DataManager.swift */ = {isa = PBXFileReference; fileEncoding = 4; lastKnownFileType = sourcecode.swift; path = DataManager.swift; sourceTree = "<group>"; };
		0317BCB51A277CE50032208E /* SwiftJSON.swift */ = {isa = PBXFileReference; fileEncoding = 4; lastKnownFileType = sourcecode.swift; path = SwiftJSON.swift; sourceTree = "<group>"; };
		0317BCBB1A27F2450032208E /* ConferenceTableViewController.swift */ = {isa = PBXFileReference; fileEncoding = 4; lastKnownFileType = sourcecode.swift; path = ConferenceTableViewController.swift; sourceTree = "<group>"; };
		1E3538891A3E35B2003EA851 /* CoreText.framework */ = {isa = PBXFileReference; lastKnownFileType = wrapper.framework; name = CoreText.framework; path = System/Library/Frameworks/CoreText.framework; sourceTree = SDKROOT; };
		1E35388B1A3E35CF003EA851 /* CoreImage.framework */ = {isa = PBXFileReference; lastKnownFileType = wrapper.framework; name = CoreImage.framework; path = System/Library/Frameworks/CoreImage.framework; sourceTree = SDKROOT; };
		1E35388D1A3E35DD003EA851 /* libxml2.dylib */ = {isa = PBXFileReference; lastKnownFileType = "compiled.mach-o.dylib"; name = libxml2.dylib; path = usr/lib/libxml2.dylib; sourceTree = SDKROOT; };
		1E35388F1A3E35E6003EA851 /* QuartzCore.framework */ = {isa = PBXFileReference; lastKnownFileType = wrapper.framework; name = QuartzCore.framework; path = System/Library/Frameworks/QuartzCore.framework; sourceTree = SDKROOT; };
		1E3538911A3E35F1003EA851 /* CoreGraphics.framework */ = {isa = PBXFileReference; lastKnownFileType = wrapper.framework; name = CoreGraphics.framework; path = System/Library/Frameworks/CoreGraphics.framework; sourceTree = SDKROOT; };
		1E3538931A3E3614003EA851 /* UIKit.framework */ = {isa = PBXFileReference; lastKnownFileType = wrapper.framework; name = UIKit.framework; path = System/Library/Frameworks/UIKit.framework; sourceTree = SDKROOT; };
		1E3538971A3E3E44003EA851 /* HomeViewController.swift */ = {isa = PBXFileReference; fileEncoding = 4; lastKnownFileType = sourcecode.swift; path = HomeViewController.swift; sourceTree = "<group>"; };
		1E3538981A3E3E44003EA851 /* MapViewController.swift */ = {isa = PBXFileReference; fileEncoding = 4; lastKnownFileType = sourcecode.swift; path = MapViewController.swift; sourceTree = "<group>"; };
		1E3538991A3E3E44003EA851 /* MenuViewController.swift */ = {isa = PBXFileReference; fileEncoding = 4; lastKnownFileType = sourcecode.swift; path = MenuViewController.swift; sourceTree = "<group>"; };
		1E38D7351A2B8D4400742800 /* ModelBuilder.swift */ = {isa = PBXFileReference; fileEncoding = 4; lastKnownFileType = sourcecode.swift; path = ModelBuilder.swift; sourceTree = "<group>"; };
		1E38D7381A2BB3BB00742800 /* Operators.swift */ = {isa = PBXFileReference; fileEncoding = 4; lastKnownFileType = sourcecode.swift; path = Operators.swift; sourceTree = "<group>"; };
		1E38D73A1A2BB3D900742800 /* JSON.swift */ = {isa = PBXFileReference; fileEncoding = 4; lastKnownFileType = sourcecode.swift; path = JSON.swift; sourceTree = "<group>"; };
		1E38D73D1A2BB4A500742800 /* JSONService.swift */ = {isa = PBXFileReference; fileEncoding = 4; lastKnownFileType = sourcecode.swift; path = JSONService.swift; sourceTree = "<group>"; };
		1E38D73F1A2BB60F00742800 /* URLFactory.swift */ = {isa = PBXFileReference; fileEncoding = 4; lastKnownFileType = sourcecode.swift; path = URLFactory.swift; sourceTree = "<group>"; };
		1E82835A1A2534D000889E31 /* Projet S9.app */ = {isa = PBXFileReference; explicitFileType = wrapper.application; includeInIndex = 0; path = "Projet S9.app"; sourceTree = BUILT_PRODUCTS_DIR; };
		1E82835E1A2534D000889E31 /* Info.plist */ = {isa = PBXFileReference; lastKnownFileType = text.plist.xml; path = Info.plist; sourceTree = "<group>"; };
		1E82835F1A2534D000889E31 /* AppDelegate.swift */ = {isa = PBXFileReference; lastKnownFileType = sourcecode.swift; path = AppDelegate.swift; sourceTree = "<group>"; };
		1E8283641A2534D000889E31 /* Base */ = {isa = PBXFileReference; lastKnownFileType = file.storyboard; name = Base; path = Base.lproj/Main.storyboard; sourceTree = "<group>"; };
		1E8283661A2534D000889E31 /* Images.xcassets */ = {isa = PBXFileReference; lastKnownFileType = folder.assetcatalog; path = Images.xcassets; sourceTree = "<group>"; };
		1E8283691A2534D000889E31 /* Base */ = {isa = PBXFileReference; lastKnownFileType = file.xib; name = Base; path = Base.lproj/LaunchScreen.xib; sourceTree = "<group>"; };
		1E82836F1A2534D000889E31 /* Projet S9Tests.xctest */ = {isa = PBXFileReference; explicitFileType = wrapper.cfbundle; includeInIndex = 0; path = "Projet S9Tests.xctest"; sourceTree = BUILT_PRODUCTS_DIR; };
		1E8283741A2534D000889E31 /* Info.plist */ = {isa = PBXFileReference; lastKnownFileType = text.plist.xml; path = Info.plist; sourceTree = "<group>"; };
		1E8283751A2534D000889E31 /* Projet_S9Tests.swift */ = {isa = PBXFileReference; lastKnownFileType = sourcecode.swift; path = Projet_S9Tests.swift; sourceTree = "<group>"; };
		1E8283801A2535E600889E31 /* ECPercentDrivenInteractiveTransition.h */ = {isa = PBXFileReference; fileEncoding = 4; lastKnownFileType = sourcecode.c.h; path = ECPercentDrivenInteractiveTransition.h; sourceTree = "<group>"; };
		1E8283811A2535E600889E31 /* ECPercentDrivenInteractiveTransition.m */ = {isa = PBXFileReference; fileEncoding = 4; lastKnownFileType = sourcecode.c.objc; path = ECPercentDrivenInteractiveTransition.m; sourceTree = "<group>"; };
		1E8283821A2535E600889E31 /* ECSlidingAnimationController.h */ = {isa = PBXFileReference; fileEncoding = 4; lastKnownFileType = sourcecode.c.h; path = ECSlidingAnimationController.h; sourceTree = "<group>"; };
		1E8283831A2535E600889E31 /* ECSlidingAnimationController.m */ = {isa = PBXFileReference; fileEncoding = 4; lastKnownFileType = sourcecode.c.objc; path = ECSlidingAnimationController.m; sourceTree = "<group>"; };
		1E8283841A2535E600889E31 /* ECSlidingConstants.h */ = {isa = PBXFileReference; fileEncoding = 4; lastKnownFileType = sourcecode.c.h; path = ECSlidingConstants.h; sourceTree = "<group>"; };
		1E8283851A2535E600889E31 /* ECSlidingInteractiveTransition.h */ = {isa = PBXFileReference; fileEncoding = 4; lastKnownFileType = sourcecode.c.h; path = ECSlidingInteractiveTransition.h; sourceTree = "<group>"; };
		1E8283861A2535E600889E31 /* ECSlidingInteractiveTransition.m */ = {isa = PBXFileReference; fileEncoding = 4; lastKnownFileType = sourcecode.c.objc; path = ECSlidingInteractiveTransition.m; sourceTree = "<group>"; };
		1E8283871A2535E600889E31 /* ECSlidingSegue.h */ = {isa = PBXFileReference; fileEncoding = 4; lastKnownFileType = sourcecode.c.h; path = ECSlidingSegue.h; sourceTree = "<group>"; };
		1E8283881A2535E600889E31 /* ECSlidingSegue.m */ = {isa = PBXFileReference; fileEncoding = 4; lastKnownFileType = sourcecode.c.objc; path = ECSlidingSegue.m; sourceTree = "<group>"; };
		1E8283891A2535E600889E31 /* ECSlidingViewController.h */ = {isa = PBXFileReference; fileEncoding = 4; lastKnownFileType = sourcecode.c.h; path = ECSlidingViewController.h; sourceTree = "<group>"; };
		1E82838A1A2535E600889E31 /* ECSlidingViewController.m */ = {isa = PBXFileReference; fileEncoding = 4; lastKnownFileType = sourcecode.c.objc; path = ECSlidingViewController.m; sourceTree = "<group>"; };
		1E82838B1A2535E600889E31 /* UIViewController+ECSlidingViewController.h */ = {isa = PBXFileReference; fileEncoding = 4; lastKnownFileType = sourcecode.c.h; path = "UIViewController+ECSlidingViewController.h"; sourceTree = "<group>"; };
		1E82838C1A2535E600889E31 /* UIViewController+ECSlidingViewController.m */ = {isa = PBXFileReference; fileEncoding = 4; lastKnownFileType = sourcecode.c.objc; path = "UIViewController+ECSlidingViewController.m"; sourceTree = "<group>"; };
		1E8283951A2648C600889E31 /* Projet-S9-Bridging-Header.h */ = {isa = PBXFileReference; fileEncoding = 4; lastKnownFileType = sourcecode.c.h; path = "Projet-S9-Bridging-Header.h"; sourceTree = "<group>"; };
		1E84C1B61A45976100180DF2 /* libSVGKit-iOS.1.2.0.a */ = {isa = PBXFileReference; lastKnownFileType = archive.ar; path = "libSVGKit-iOS.1.2.0.a"; sourceTree = "<group>"; };
		1EBA50381A3CD9AD00894C4D /* MenuItem.swift */ = {isa = PBXFileReference; fileEncoding = 4; lastKnownFileType = sourcecode.swift; path = MenuItem.swift; sourceTree = "<group>"; };
		1EC96AF91A2B36C4001B1065 /* Conference.swift */ = {isa = PBXFileReference; fileEncoding = 4; lastKnownFileType = sourcecode.swift; path = Conference.swift; sourceTree = "<group>"; };
		1EC96AFB1A2B3B7E001B1065 /* Track.swift */ = {isa = PBXFileReference; fileEncoding = 4; lastKnownFileType = sourcecode.swift; path = Track.swift; sourceTree = "<group>"; };
		1EC96AFD1A2B4059001B1065 /* Session.swift */ = {isa = PBXFileReference; fileEncoding = 4; lastKnownFileType = sourcecode.swift; path = Session.swift; sourceTree = "<group>"; };
		1EC96AFF1A2B415D001B1065 /* Talk.swift */ = {isa = PBXFileReference; fileEncoding = 4; lastKnownFileType = sourcecode.swift; path = Talk.swift; sourceTree = "<group>"; };
		1ECA755E1A44C8DB00FA9D07 /* AppleSucksDOMImplementation.h */ = {isa = PBXFileReference; fileEncoding = 4; lastKnownFileType = sourcecode.c.h; path = AppleSucksDOMImplementation.h; sourceTree = "<group>"; };
		1ECA755F1A44C8DB00FA9D07 /* Attr.h */ = {isa = PBXFileReference; fileEncoding = 4; lastKnownFileType = sourcecode.c.h; path = Attr.h; sourceTree = "<group>"; };
		1ECA75601A44C8DB00FA9D07 /* BaseClassForAllSVGBasicShapes.h */ = {isa = PBXFileReference; fileEncoding = 4; lastKnownFileType = sourcecode.c.h; path = BaseClassForAllSVGBasicShapes.h; sourceTree = "<group>"; };
		1ECA75611A44C8DB00FA9D07 /* BaseClassForAllSVGBasicShapes_ForSubclasses.h */ = {isa = PBXFileReference; fileEncoding = 4; lastKnownFileType = sourcecode.c.h; path = BaseClassForAllSVGBasicShapes_ForSubclasses.h; sourceTree = "<group>"; };
		1ECA75621A44C8DB00FA9D07 /* CALayer+RecursiveClone.h */ = {isa = PBXFileReference; fileEncoding = 4; lastKnownFileType = sourcecode.c.h; path = "CALayer+RecursiveClone.h"; sourceTree = "<group>"; };
		1ECA75631A44C8DB00FA9D07 /* CALayerExporter.h */ = {isa = PBXFileReference; fileEncoding = 4; lastKnownFileType = sourcecode.c.h; path = CALayerExporter.h; sourceTree = "<group>"; };
		1ECA75641A44C8DB00FA9D07 /* CALayerWithChildHitTest.h */ = {isa = PBXFileReference; fileEncoding = 4; lastKnownFileType = sourcecode.c.h; path = CALayerWithChildHitTest.h; sourceTree = "<group>"; };
		1ECA75651A44C8DB00FA9D07 /* CALayerWithClipRender.h */ = {isa = PBXFileReference; fileEncoding = 4; lastKnownFileType = sourcecode.c.h; path = CALayerWithClipRender.h; sourceTree = "<group>"; };
		1ECA75661A44C8DB00FA9D07 /* CAShapeLayerWithClipRender.h */ = {isa = PBXFileReference; fileEncoding = 4; lastKnownFileType = sourcecode.c.h; path = CAShapeLayerWithClipRender.h; sourceTree = "<group>"; };
		1ECA75671A44C8DB00FA9D07 /* CAShapeLayerWithHitTest.h */ = {isa = PBXFileReference; fileEncoding = 4; lastKnownFileType = sourcecode.c.h; path = CAShapeLayerWithHitTest.h; sourceTree = "<group>"; };
		1ECA75681A44C8DB00FA9D07 /* CDATASection.h */ = {isa = PBXFileReference; fileEncoding = 4; lastKnownFileType = sourcecode.c.h; path = CDATASection.h; sourceTree = "<group>"; };
		1ECA75691A44C8DB00FA9D07 /* CGPathAdditions.h */ = {isa = PBXFileReference; fileEncoding = 4; lastKnownFileType = sourcecode.c.h; path = CGPathAdditions.h; sourceTree = "<group>"; };
		1ECA756A1A44C8DB00FA9D07 /* CharacterData.h */ = {isa = PBXFileReference; fileEncoding = 4; lastKnownFileType = sourcecode.c.h; path = CharacterData.h; sourceTree = "<group>"; };
		1ECA756B1A44C8DB00FA9D07 /* Comment.h */ = {isa = PBXFileReference; fileEncoding = 4; lastKnownFileType = sourcecode.c.h; path = Comment.h; sourceTree = "<group>"; };
		1ECA756C1A44C8DB00FA9D07 /* ContextFilterLogFormatter.h */ = {isa = PBXFileReference; fileEncoding = 4; lastKnownFileType = sourcecode.c.h; path = ContextFilterLogFormatter.h; sourceTree = "<group>"; };
		1ECA756D1A44C8DB00FA9D07 /* ConverterSVGToCALayer.h */ = {isa = PBXFileReference; fileEncoding = 4; lastKnownFileType = sourcecode.c.h; path = ConverterSVGToCALayer.h; sourceTree = "<group>"; };
		1ECA756E1A44C8DB00FA9D07 /* CSSPrimitiveValue.h */ = {isa = PBXFileReference; fileEncoding = 4; lastKnownFileType = sourcecode.c.h; path = CSSPrimitiveValue.h; sourceTree = "<group>"; };
		1ECA756F1A44C8DB00FA9D07 /* CSSRule.h */ = {isa = PBXFileReference; fileEncoding = 4; lastKnownFileType = sourcecode.c.h; path = CSSRule.h; sourceTree = "<group>"; };
		1ECA75701A44C8DC00FA9D07 /* CSSRuleList+Mutable.h */ = {isa = PBXFileReference; fileEncoding = 4; lastKnownFileType = sourcecode.c.h; path = "CSSRuleList+Mutable.h"; sourceTree = "<group>"; };
		1ECA75711A44C8DC00FA9D07 /* CSSRuleList.h */ = {isa = PBXFileReference; fileEncoding = 4; lastKnownFileType = sourcecode.c.h; path = CSSRuleList.h; sourceTree = "<group>"; };
		1ECA75721A44C8DC00FA9D07 /* CSSStyleDeclaration.h */ = {isa = PBXFileReference; fileEncoding = 4; lastKnownFileType = sourcecode.c.h; path = CSSStyleDeclaration.h; sourceTree = "<group>"; };
		1ECA75731A44C8DC00FA9D07 /* CSSStyleRule.h */ = {isa = PBXFileReference; fileEncoding = 4; lastKnownFileType = sourcecode.c.h; path = CSSStyleRule.h; sourceTree = "<group>"; };
		1ECA75741A44C8DC00FA9D07 /* CSSStyleSheet.h */ = {isa = PBXFileReference; fileEncoding = 4; lastKnownFileType = sourcecode.c.h; path = CSSStyleSheet.h; sourceTree = "<group>"; };
		1ECA75751A44C8DC00FA9D07 /* CSSValue.h */ = {isa = PBXFileReference; fileEncoding = 4; lastKnownFileType = sourcecode.c.h; path = CSSValue.h; sourceTree = "<group>"; };
		1ECA75761A44C8DC00FA9D07 /* CSSValue_ForSubclasses.h */ = {isa = PBXFileReference; fileEncoding = 4; lastKnownFileType = sourcecode.c.h; path = CSSValue_ForSubclasses.h; sourceTree = "<group>"; };
		1ECA75771A44C8DC00FA9D07 /* CSSValueList.h */ = {isa = PBXFileReference; fileEncoding = 4; lastKnownFileType = sourcecode.c.h; path = CSSValueList.h; sourceTree = "<group>"; };
		1ECA75781A44C8DC00FA9D07 /* DDAbstractDatabaseLogger.h */ = {isa = PBXFileReference; fileEncoding = 4; lastKnownFileType = sourcecode.c.h; path = DDAbstractDatabaseLogger.h; sourceTree = "<group>"; };
		1ECA75791A44C8DC00FA9D07 /* DDASLLogger.h */ = {isa = PBXFileReference; fileEncoding = 4; lastKnownFileType = sourcecode.c.h; path = DDASLLogger.h; sourceTree = "<group>"; };
		1ECA757A1A44C8DC00FA9D07 /* DDFileLogger.h */ = {isa = PBXFileReference; fileEncoding = 4; lastKnownFileType = sourcecode.c.h; path = DDFileLogger.h; sourceTree = "<group>"; };
		1ECA757B1A44C8DC00FA9D07 /* DDLog.h */ = {isa = PBXFileReference; fileEncoding = 4; lastKnownFileType = sourcecode.c.h; path = DDLog.h; sourceTree = "<group>"; };
		1ECA757C1A44C8DC00FA9D07 /* DDTTYLogger.h */ = {isa = PBXFileReference; fileEncoding = 4; lastKnownFileType = sourcecode.c.h; path = DDTTYLogger.h; sourceTree = "<group>"; };
		1ECA757D1A44C8DC00FA9D07 /* DispatchQueueLogFormatter.h */ = {isa = PBXFileReference; fileEncoding = 4; lastKnownFileType = sourcecode.c.h; path = DispatchQueueLogFormatter.h; sourceTree = "<group>"; };
		1ECA757E1A44C8DC00FA9D07 /* Document+Mutable.h */ = {isa = PBXFileReference; fileEncoding = 4; lastKnownFileType = sourcecode.c.h; path = "Document+Mutable.h"; sourceTree = "<group>"; };
		1ECA757F1A44C8DC00FA9D07 /* Document.h */ = {isa = PBXFileReference; fileEncoding = 4; lastKnownFileType = sourcecode.c.h; path = Document.h; sourceTree = "<group>"; };
		1ECA75801A44C8DC00FA9D07 /* DocumentCSS.h */ = {isa = PBXFileReference; fileEncoding = 4; lastKnownFileType = sourcecode.c.h; path = DocumentCSS.h; sourceTree = "<group>"; };
		1ECA75811A44C8DC00FA9D07 /* DocumentFragment.h */ = {isa = PBXFileReference; fileEncoding = 4; lastKnownFileType = sourcecode.c.h; path = DocumentFragment.h; sourceTree = "<group>"; };
		1ECA75821A44C8DC00FA9D07 /* DocumentStyle.h */ = {isa = PBXFileReference; fileEncoding = 4; lastKnownFileType = sourcecode.c.h; path = DocumentStyle.h; sourceTree = "<group>"; };
		1ECA75831A44C8DC00FA9D07 /* DocumentType.h */ = {isa = PBXFileReference; fileEncoding = 4; lastKnownFileType = sourcecode.c.h; path = DocumentType.h; sourceTree = "<group>"; };
		1ECA75841A44C8DC00FA9D07 /* DOMGlobalSettings.h */ = {isa = PBXFileReference; fileEncoding = 4; lastKnownFileType = sourcecode.c.h; path = DOMGlobalSettings.h; sourceTree = "<group>"; };
		1ECA75851A44C8DC00FA9D07 /* DOMHelperUtilities.h */ = {isa = PBXFileReference; fileEncoding = 4; lastKnownFileType = sourcecode.c.h; path = DOMHelperUtilities.h; sourceTree = "<group>"; };
		1ECA75861A44C8DC00FA9D07 /* Element.h */ = {isa = PBXFileReference; fileEncoding = 4; lastKnownFileType = sourcecode.c.h; path = Element.h; sourceTree = "<group>"; };
		1ECA75871A44C8DC00FA9D07 /* EntityReference.h */ = {isa = PBXFileReference; fileEncoding = 4; lastKnownFileType = sourcecode.c.h; path = EntityReference.h; sourceTree = "<group>"; };
		1ECA75881A44C8DC00FA9D07 /* MediaList.h */ = {isa = PBXFileReference; fileEncoding = 4; lastKnownFileType = sourcecode.c.h; path = MediaList.h; sourceTree = "<group>"; };
		1ECA75891A44C8DC00FA9D07 /* NamedNodeMap.h */ = {isa = PBXFileReference; fileEncoding = 4; lastKnownFileType = sourcecode.c.h; path = NamedNodeMap.h; sourceTree = "<group>"; };
		1ECA758A1A44C8DC00FA9D07 /* NamedNodeMap_Iterable.h */ = {isa = PBXFileReference; fileEncoding = 4; lastKnownFileType = sourcecode.c.h; path = NamedNodeMap_Iterable.h; sourceTree = "<group>"; };
		1ECA758B1A44C8DC00FA9D07 /* Node+Mutable.h */ = {isa = PBXFileReference; fileEncoding = 4; lastKnownFileType = sourcecode.c.h; path = "Node+Mutable.h"; sourceTree = "<group>"; };
		1ECA758C1A44C8DC00FA9D07 /* Node.h */ = {isa = PBXFileReference; fileEncoding = 4; lastKnownFileType = sourcecode.c.h; path = Node.h; sourceTree = "<group>"; };
		1ECA758D1A44C8DC00FA9D07 /* NodeList+Mutable.h */ = {isa = PBXFileReference; fileEncoding = 4; lastKnownFileType = sourcecode.c.h; path = "NodeList+Mutable.h"; sourceTree = "<group>"; };
		1ECA758E1A44C8DC00FA9D07 /* NodeList.h */ = {isa = PBXFileReference; fileEncoding = 4; lastKnownFileType = sourcecode.c.h; path = NodeList.h; sourceTree = "<group>"; };
		1ECA758F1A44C8DC00FA9D07 /* NSCharacterSet+SVGKExtensions.h */ = {isa = PBXFileReference; fileEncoding = 4; lastKnownFileType = sourcecode.c.h; path = "NSCharacterSet+SVGKExtensions.h"; sourceTree = "<group>"; };
		1ECA75901A44C8DC00FA9D07 /* NSData+NSInputStream.h */ = {isa = PBXFileReference; fileEncoding = 4; lastKnownFileType = sourcecode.c.h; path = "NSData+NSInputStream.h"; sourceTree = "<group>"; };
		1ECA75911A44C8DC00FA9D07 /* ProcessingInstruction.h */ = {isa = PBXFileReference; fileEncoding = 4; lastKnownFileType = sourcecode.c.h; path = ProcessingInstruction.h; sourceTree = "<group>"; };
		1ECA75921A44C8DC00FA9D07 /* StyleSheet.h */ = {isa = PBXFileReference; fileEncoding = 4; lastKnownFileType = sourcecode.c.h; path = StyleSheet.h; sourceTree = "<group>"; };
		1ECA75931A44C8DC00FA9D07 /* StyleSheetList.h */ = {isa = PBXFileReference; fileEncoding = 4; lastKnownFileType = sourcecode.c.h; path = StyleSheetList.h; sourceTree = "<group>"; };
		1ECA75941A44C8DC00FA9D07 /* SVGAngle.h */ = {isa = PBXFileReference; fileEncoding = 4; lastKnownFileType = sourcecode.c.h; path = SVGAngle.h; sourceTree = "<group>"; };
		1ECA75951A44C8DC00FA9D07 /* SVGAnimatedPreserveAspectRatio.h */ = {isa = PBXFileReference; fileEncoding = 4; lastKnownFileType = sourcecode.c.h; path = SVGAnimatedPreserveAspectRatio.h; sourceTree = "<group>"; };
		1ECA75961A44C8DC00FA9D07 /* SVGCircleElement.h */ = {isa = PBXFileReference; fileEncoding = 4; lastKnownFileType = sourcecode.c.h; path = SVGCircleElement.h; sourceTree = "<group>"; };
		1ECA75971A44C8DC00FA9D07 /* SVGClipPathElement.h */ = {isa = PBXFileReference; fileEncoding = 4; lastKnownFileType = sourcecode.c.h; path = SVGClipPathElement.h; sourceTree = "<group>"; };
		1ECA75981A44C8DC00FA9D07 /* SVGDefsElement.h */ = {isa = PBXFileReference; fileEncoding = 4; lastKnownFileType = sourcecode.c.h; path = SVGDefsElement.h; sourceTree = "<group>"; };
		1ECA75991A44C8DC00FA9D07 /* SVGDescriptionElement.h */ = {isa = PBXFileReference; fileEncoding = 4; lastKnownFileType = sourcecode.c.h; path = SVGDescriptionElement.h; sourceTree = "<group>"; };
		1ECA759A1A44C8DC00FA9D07 /* SVGDocument.h */ = {isa = PBXFileReference; fileEncoding = 4; lastKnownFileType = sourcecode.c.h; path = SVGDocument.h; sourceTree = "<group>"; };
		1ECA759B1A44C8DC00FA9D07 /* SVGDocument_Mutable.h */ = {isa = PBXFileReference; fileEncoding = 4; lastKnownFileType = sourcecode.c.h; path = SVGDocument_Mutable.h; sourceTree = "<group>"; };
		1ECA759C1A44C8DC00FA9D07 /* SVGElement.h */ = {isa = PBXFileReference; fileEncoding = 4; lastKnownFileType = sourcecode.c.h; path = SVGElement.h; sourceTree = "<group>"; };
		1ECA759D1A44C8DC00FA9D07 /* SVGElement_ForParser.h */ = {isa = PBXFileReference; fileEncoding = 4; lastKnownFileType = sourcecode.c.h; path = SVGElement_ForParser.h; sourceTree = "<group>"; };
		1ECA759E1A44C8DC00FA9D07 /* SVGElementInstance.h */ = {isa = PBXFileReference; fileEncoding = 4; lastKnownFileType = sourcecode.c.h; path = SVGElementInstance.h; sourceTree = "<group>"; };
		1ECA759F1A44C8DC00FA9D07 /* SVGElementInstance_Mutable.h */ = {isa = PBXFileReference; fileEncoding = 4; lastKnownFileType = sourcecode.c.h; path = SVGElementInstance_Mutable.h; sourceTree = "<group>"; };
		1ECA75A01A44C8DC00FA9D07 /* SVGElementInstanceList.h */ = {isa = PBXFileReference; fileEncoding = 4; lastKnownFileType = sourcecode.c.h; path = SVGElementInstanceList.h; sourceTree = "<group>"; };
		1ECA75A11A44C8DC00FA9D07 /* SVGElementInstanceList_Internal.h */ = {isa = PBXFileReference; fileEncoding = 4; lastKnownFileType = sourcecode.c.h; path = SVGElementInstanceList_Internal.h; sourceTree = "<group>"; };
		1ECA75A21A44C8DC00FA9D07 /* SVGEllipseElement.h */ = {isa = PBXFileReference; fileEncoding = 4; lastKnownFileType = sourcecode.c.h; path = SVGEllipseElement.h; sourceTree = "<group>"; };
		1ECA75A31A44C8DC00FA9D07 /* SVGFitToViewBox.h */ = {isa = PBXFileReference; fileEncoding = 4; lastKnownFileType = sourcecode.c.h; path = SVGFitToViewBox.h; sourceTree = "<group>"; };
		1ECA75A41A44C8DC00FA9D07 /* SVGGElement.h */ = {isa = PBXFileReference; fileEncoding = 4; lastKnownFileType = sourcecode.c.h; path = SVGGElement.h; sourceTree = "<group>"; };
		1ECA75A51A44C8DC00FA9D07 /* SVGGradientElement.h */ = {isa = PBXFileReference; fileEncoding = 4; lastKnownFileType = sourcecode.c.h; path = SVGGradientElement.h; sourceTree = "<group>"; };
		1ECA75A61A44C8DC00FA9D07 /* SVGGradientLayer.h */ = {isa = PBXFileReference; fileEncoding = 4; lastKnownFileType = sourcecode.c.h; path = SVGGradientLayer.h; sourceTree = "<group>"; };
		1ECA75A71A44C8DC00FA9D07 /* SVGGradientStop.h */ = {isa = PBXFileReference; fileEncoding = 4; lastKnownFileType = sourcecode.c.h; path = SVGGradientStop.h; sourceTree = "<group>"; };
		1ECA75A81A44C8DC00FA9D07 /* SVGGroupElement.h */ = {isa = PBXFileReference; fileEncoding = 4; lastKnownFileType = sourcecode.c.h; path = SVGGroupElement.h; sourceTree = "<group>"; };
		1ECA75A91A44C8DC00FA9D07 /* SVGHelperUtilities.h */ = {isa = PBXFileReference; fileEncoding = 4; lastKnownFileType = sourcecode.c.h; path = SVGHelperUtilities.h; sourceTree = "<group>"; };
		1ECA75AA1A44C8DC00FA9D07 /* SVGImageElement.h */ = {isa = PBXFileReference; fileEncoding = 4; lastKnownFileType = sourcecode.c.h; path = SVGImageElement.h; sourceTree = "<group>"; };
		1ECA75AB1A44C8DC00FA9D07 /* SVGKExporterNSData.h */ = {isa = PBXFileReference; fileEncoding = 4; lastKnownFileType = sourcecode.c.h; path = SVGKExporterNSData.h; sourceTree = "<group>"; };
		1ECA75AC1A44C8DC00FA9D07 /* SVGKExporterUIImage.h */ = {isa = PBXFileReference; fileEncoding = 4; lastKnownFileType = sourcecode.c.h; path = SVGKExporterUIImage.h; sourceTree = "<group>"; };
		1ECA75AD1A44C8DC00FA9D07 /* SVGKFastImageView.h */ = {isa = PBXFileReference; fileEncoding = 4; lastKnownFileType = sourcecode.c.h; path = SVGKFastImageView.h; sourceTree = "<group>"; };
		1ECA75AE1A44C8DC00FA9D07 /* SVGKImage+CGContext.h */ = {isa = PBXFileReference; fileEncoding = 4; lastKnownFileType = sourcecode.c.h; path = "SVGKImage+CGContext.h"; sourceTree = "<group>"; };
		1ECA75AF1A44C8DC00FA9D07 /* SVGKImage.h */ = {isa = PBXFileReference; fileEncoding = 4; lastKnownFileType = sourcecode.c.h; path = SVGKImage.h; sourceTree = "<group>"; };
		1ECA75B01A44C8DC00FA9D07 /* SVGKImageView.h */ = {isa = PBXFileReference; fileEncoding = 4; lastKnownFileType = sourcecode.c.h; path = SVGKImageView.h; sourceTree = "<group>"; };
		1ECA75B11A44C8DC00FA9D07 /* SVGKit.h */ = {isa = PBXFileReference; fileEncoding = 4; lastKnownFileType = sourcecode.c.h; path = SVGKit.h; sourceTree = "<group>"; };
		1ECA75B21A44C8DC00FA9D07 /* SVGKLayer.h */ = {isa = PBXFileReference; fileEncoding = 4; lastKnownFileType = sourcecode.c.h; path = SVGKLayer.h; sourceTree = "<group>"; };
		1ECA75B31A44C8DC00FA9D07 /* SVGKLayeredImageView.h */ = {isa = PBXFileReference; fileEncoding = 4; lastKnownFileType = sourcecode.c.h; path = SVGKLayeredImageView.h; sourceTree = "<group>"; };
		1ECA75B41A44C8DC00FA9D07 /* SVGKParser.h */ = {isa = PBXFileReference; fileEncoding = 4; lastKnownFileType = sourcecode.c.h; path = SVGKParser.h; sourceTree = "<group>"; };
		1ECA75B51A44C8DC00FA9D07 /* SVGKParserDefsAndUse.h */ = {isa = PBXFileReference; fileEncoding = 4; lastKnownFileType = sourcecode.c.h; path = SVGKParserDefsAndUse.h; sourceTree = "<group>"; };
		1ECA75B61A44C8DC00FA9D07 /* SVGKParserDOM.h */ = {isa = PBXFileReference; fileEncoding = 4; lastKnownFileType = sourcecode.c.h; path = SVGKParserDOM.h; sourceTree = "<group>"; };
		1ECA75B71A44C8DC00FA9D07 /* SVGKParseResult.h */ = {isa = PBXFileReference; fileEncoding = 4; lastKnownFileType = sourcecode.c.h; path = SVGKParseResult.h; sourceTree = "<group>"; };
		1ECA75B81A44C8DC00FA9D07 /* SVGKParserExtension.h */ = {isa = PBXFileReference; fileEncoding = 4; lastKnownFileType = sourcecode.c.h; path = SVGKParserExtension.h; sourceTree = "<group>"; };
		1ECA75B91A44C8DC00FA9D07 /* SVGKParserGradient.h */ = {isa = PBXFileReference; fileEncoding = 4; lastKnownFileType = sourcecode.c.h; path = SVGKParserGradient.h; sourceTree = "<group>"; };
		1ECA75BA1A44C8DC00FA9D07 /* SVGKParserPatternsAndGradients.h */ = {isa = PBXFileReference; fileEncoding = 4; lastKnownFileType = sourcecode.c.h; path = SVGKParserPatternsAndGradients.h; sourceTree = "<group>"; };
		1ECA75BB1A44C8DC00FA9D07 /* SVGKParserStyles.h */ = {isa = PBXFileReference; fileEncoding = 4; lastKnownFileType = sourcecode.c.h; path = SVGKParserStyles.h; sourceTree = "<group>"; };
		1ECA75BC1A44C8DC00FA9D07 /* SVGKParserSVG.h */ = {isa = PBXFileReference; fileEncoding = 4; lastKnownFileType = sourcecode.c.h; path = SVGKParserSVG.h; sourceTree = "<group>"; };
		1ECA75BD1A44C8DC00FA9D07 /* SVGKPattern.h */ = {isa = PBXFileReference; fileEncoding = 4; lastKnownFileType = sourcecode.c.h; path = SVGKPattern.h; sourceTree = "<group>"; };
		1ECA75BE1A44C8DC00FA9D07 /* SVGKPointsAndPathsParser.h */ = {isa = PBXFileReference; fileEncoding = 4; lastKnownFileType = sourcecode.c.h; path = SVGKPointsAndPathsParser.h; sourceTree = "<group>"; };
		1ECA75BF1A44C8DC00FA9D07 /* SVGKSource.h */ = {isa = PBXFileReference; fileEncoding = 4; lastKnownFileType = sourcecode.c.h; path = SVGKSource.h; sourceTree = "<group>"; };
		1ECA75C01A44C8DC00FA9D07 /* SVGKSourceLocalFile.h */ = {isa = PBXFileReference; fileEncoding = 4; lastKnownFileType = sourcecode.c.h; path = SVGKSourceLocalFile.h; sourceTree = "<group>"; };
		1ECA75C11A44C8DC00FA9D07 /* SVGKSourceNSData.h */ = {isa = PBXFileReference; fileEncoding = 4; lastKnownFileType = sourcecode.c.h; path = SVGKSourceNSData.h; sourceTree = "<group>"; };
		1ECA75C21A44C8DC00FA9D07 /* SVGKSourceString.h */ = {isa = PBXFileReference; fileEncoding = 4; lastKnownFileType = sourcecode.c.h; path = SVGKSourceString.h; sourceTree = "<group>"; };
		1ECA75C31A44C8DC00FA9D07 /* SVGKSourceURL.h */ = {isa = PBXFileReference; fileEncoding = 4; lastKnownFileType = sourcecode.c.h; path = SVGKSourceURL.h; sourceTree = "<group>"; };
		1ECA75C41A44C8DC00FA9D07 /* SVGLength.h */ = {isa = PBXFileReference; fileEncoding = 4; lastKnownFileType = sourcecode.c.h; path = SVGLength.h; sourceTree = "<group>"; };
		1ECA75C51A44C8DC00FA9D07 /* SVGLineElement.h */ = {isa = PBXFileReference; fileEncoding = 4; lastKnownFileType = sourcecode.c.h; path = SVGLineElement.h; sourceTree = "<group>"; };
		1ECA75C61A44C8DC00FA9D07 /* SVGMatrix.h */ = {isa = PBXFileReference; fileEncoding = 4; lastKnownFileType = sourcecode.c.h; path = SVGMatrix.h; sourceTree = "<group>"; };
		1ECA75C71A44C8DC00FA9D07 /* SVGNumber.h */ = {isa = PBXFileReference; fileEncoding = 4; lastKnownFileType = sourcecode.c.h; path = SVGNumber.h; sourceTree = "<group>"; };
		1ECA75C81A44C8DC00FA9D07 /* SVGPathElement.h */ = {isa = PBXFileReference; fileEncoding = 4; lastKnownFileType = sourcecode.c.h; path = SVGPathElement.h; sourceTree = "<group>"; };
		1ECA75C91A44C8DC00FA9D07 /* SVGPoint.h */ = {isa = PBXFileReference; fileEncoding = 4; lastKnownFileType = sourcecode.c.h; path = SVGPoint.h; sourceTree = "<group>"; };
		1ECA75CA1A44C8DC00FA9D07 /* SVGPolygonElement.h */ = {isa = PBXFileReference; fileEncoding = 4; lastKnownFileType = sourcecode.c.h; path = SVGPolygonElement.h; sourceTree = "<group>"; };
		1ECA75CB1A44C8DC00FA9D07 /* SVGPolylineElement.h */ = {isa = PBXFileReference; fileEncoding = 4; lastKnownFileType = sourcecode.c.h; path = SVGPolylineElement.h; sourceTree = "<group>"; };
		1ECA75CC1A44C8DC00FA9D07 /* SVGPreserveAspectRatio.h */ = {isa = PBXFileReference; fileEncoding = 4; lastKnownFileType = sourcecode.c.h; path = SVGPreserveAspectRatio.h; sourceTree = "<group>"; };
		1ECA75CD1A44C8DC00FA9D07 /* SVGRect.h */ = {isa = PBXFileReference; fileEncoding = 4; lastKnownFileType = sourcecode.c.h; path = SVGRect.h; sourceTree = "<group>"; };
		1ECA75CE1A44C8DC00FA9D07 /* SVGRectElement.h */ = {isa = PBXFileReference; fileEncoding = 4; lastKnownFileType = sourcecode.c.h; path = SVGRectElement.h; sourceTree = "<group>"; };
		1ECA75CF1A44C8DC00FA9D07 /* SVGStylable.h */ = {isa = PBXFileReference; fileEncoding = 4; lastKnownFileType = sourcecode.c.h; path = SVGStylable.h; sourceTree = "<group>"; };
		1ECA75D01A44C8DC00FA9D07 /* SVGStyleCatcher.h */ = {isa = PBXFileReference; fileEncoding = 4; lastKnownFileType = sourcecode.c.h; path = SVGStyleCatcher.h; sourceTree = "<group>"; };
		1ECA75D11A44C8DC00FA9D07 /* SVGStyleElement.h */ = {isa = PBXFileReference; fileEncoding = 4; lastKnownFileType = sourcecode.c.h; path = SVGStyleElement.h; sourceTree = "<group>"; };
		1ECA75D21A44C8DC00FA9D07 /* SVGSVGElement.h */ = {isa = PBXFileReference; fileEncoding = 4; lastKnownFileType = sourcecode.c.h; path = SVGSVGElement.h; sourceTree = "<group>"; };
		1ECA75D31A44C8DC00FA9D07 /* SVGSVGElement_Mutable.h */ = {isa = PBXFileReference; fileEncoding = 4; lastKnownFileType = sourcecode.c.h; path = SVGSVGElement_Mutable.h; sourceTree = "<group>"; };
		1ECA75D41A44C8DC00FA9D07 /* SVGTextContentElement.h */ = {isa = PBXFileReference; fileEncoding = 4; lastKnownFileType = sourcecode.c.h; path = SVGTextContentElement.h; sourceTree = "<group>"; };
		1ECA75D51A44C8DC00FA9D07 /* SVGTextElement.h */ = {isa = PBXFileReference; fileEncoding = 4; lastKnownFileType = sourcecode.c.h; path = SVGTextElement.h; sourceTree = "<group>"; };
		1ECA75D61A44C8DC00FA9D07 /* SVGTextPositioningElement.h */ = {isa = PBXFileReference; fileEncoding = 4; lastKnownFileType = sourcecode.c.h; path = SVGTextPositioningElement.h; sourceTree = "<group>"; };
		1ECA75D71A44C8DC00FA9D07 /* SVGTextPositioningElement_Mutable.h */ = {isa = PBXFileReference; fileEncoding = 4; lastKnownFileType = sourcecode.c.h; path = SVGTextPositioningElement_Mutable.h; sourceTree = "<group>"; };
		1ECA75D81A44C8DC00FA9D07 /* SVGTitleElement.h */ = {isa = PBXFileReference; fileEncoding = 4; lastKnownFileType = sourcecode.c.h; path = SVGTitleElement.h; sourceTree = "<group>"; };
		1ECA75D91A44C8DC00FA9D07 /* SVGTransform.h */ = {isa = PBXFileReference; fileEncoding = 4; lastKnownFileType = sourcecode.c.h; path = SVGTransform.h; sourceTree = "<group>"; };
		1ECA75DA1A44C8DC00FA9D07 /* SVGTransformable.h */ = {isa = PBXFileReference; fileEncoding = 4; lastKnownFileType = sourcecode.c.h; path = SVGTransformable.h; sourceTree = "<group>"; };
		1ECA75DB1A44C8DC00FA9D07 /* SVGUnitTypes.h */ = {isa = PBXFileReference; fileEncoding = 4; lastKnownFileType = sourcecode.c.h; path = SVGUnitTypes.h; sourceTree = "<group>"; };
		1ECA75DC1A44C8DC00FA9D07 /* SVGUseElement.h */ = {isa = PBXFileReference; fileEncoding = 4; lastKnownFileType = sourcecode.c.h; path = SVGUseElement.h; sourceTree = "<group>"; };
		1ECA75DD1A44C8DC00FA9D07 /* SVGUseElement_Mutable.h */ = {isa = PBXFileReference; fileEncoding = 4; lastKnownFileType = sourcecode.c.h; path = SVGUseElement_Mutable.h; sourceTree = "<group>"; };
		1ECA75DE1A44C8DC00FA9D07 /* SVGUtils.h */ = {isa = PBXFileReference; fileEncoding = 4; lastKnownFileType = sourcecode.c.h; path = SVGUtils.h; sourceTree = "<group>"; };
		1ECA75DF1A44C8DC00FA9D07 /* SVGViewSpec.h */ = {isa = PBXFileReference; fileEncoding = 4; lastKnownFileType = sourcecode.c.h; path = SVGViewSpec.h; sourceTree = "<group>"; };
		1ECA75E01A44C8DC00FA9D07 /* Text.h */ = {isa = PBXFileReference; fileEncoding = 4; lastKnownFileType = sourcecode.c.h; path = Text.h; sourceTree = "<group>"; };
		1ECA75E11A44C8DC00FA9D07 /* TinySVGTextAreaElement.h */ = {isa = PBXFileReference; fileEncoding = 4; lastKnownFileType = sourcecode.c.h; path = TinySVGTextAreaElement.h; sourceTree = "<group>"; };
		1ECA75E31A45940000FA9D07 /* R+1.svg */ = {isa = PBXFileReference; fileEncoding = 4; lastKnownFileType = text.xml; path = "R+1.svg"; sourceTree = "<group>"; };
		1ECA75E41A45940000FA9D07 /* R+2.svg */ = {isa = PBXFileReference; fileEncoding = 4; lastKnownFileType = text.xml; path = "R+2.svg"; sourceTree = "<group>"; };
		1ECA75E51A45940000FA9D07 /* R+3.svg */ = {isa = PBXFileReference; fileEncoding = 4; lastKnownFileType = text.xml; path = "R+3.svg"; sourceTree = "<group>"; };
		1ECA75E61A45940000FA9D07 /* SS.svg */ = {isa = PBXFileReference; fileEncoding = 4; lastKnownFileType = text.xml; path = SS.svg; sourceTree = "<group>"; };
		1ECA75E71A45940000FA9D07 /* RDC.svg */ = {isa = PBXFileReference; fileEncoding = 4; lastKnownFileType = text.xml; path = RDC.svg; sourceTree = "<group>"; };
		1ECB77EE1A28C8B3007AABB3 /* BeaconManager.swift */ = {isa = PBXFileReference; fileEncoding = 4; lastKnownFileType = sourcecode.swift; path = BeaconManager.swift; sourceTree = "<group>"; };
		1ECB77F01A28CC80007AABB3 /* CoreLocation.framework */ = {isa = PBXFileReference; lastKnownFileType = wrapper.framework; name = CoreLocation.framework; path = System/Library/Frameworks/CoreLocation.framework; sourceTree = SDKROOT; };
/* End PBXFileReference section */

/* Begin PBXFrameworksBuildPhase section */
		1E8283571A2534D000889E31 /* Frameworks */ = {
			isa = PBXFrameworksBuildPhase;
			buildActionMask = 2147483647;
			files = (
				1E84C1B71A45976100180DF2 /* libSVGKit-iOS.1.2.0.a in Frameworks */,
				1E3538941A3E3614003EA851 /* UIKit.framework in Frameworks */,
				1E3538921A3E35F1003EA851 /* CoreGraphics.framework in Frameworks */,
				1E3538901A3E35E6003EA851 /* QuartzCore.framework in Frameworks */,
				1E35388E1A3E35DD003EA851 /* libxml2.dylib in Frameworks */,
				1E35388C1A3E35CF003EA851 /* CoreImage.framework in Frameworks */,
				1E35388A1A3E35B2003EA851 /* CoreText.framework in Frameworks */,
				1ECB77F11A28CC80007AABB3 /* CoreLocation.framework in Frameworks */,
			);
			runOnlyForDeploymentPostprocessing = 0;
		};
		1E82836C1A2534D000889E31 /* Frameworks */ = {
			isa = PBXFrameworksBuildPhase;
			buildActionMask = 2147483647;
			files = (
			);
			runOnlyForDeploymentPostprocessing = 0;
		};
/* End PBXFrameworksBuildPhase section */

/* Begin PBXGroup section */
		1E38D7371A2BAE1B00742800 /* Libraries */ = {
			isa = PBXGroup;
			children = (
				1ECA75591A44C8DB00FA9D07 /* SVGKit */,
				0317BCB51A277CE50032208E /* SwiftJSON.swift */,
				1E38D73A1A2BB3D900742800 /* JSON.swift */,
				1E38D7381A2BB3BB00742800 /* Operators.swift */,
			);
			name = Libraries;
			sourceTree = "<group>";
		};
		1E38D73C1A2BB43500742800 /* Networking */ = {
			isa = PBXGroup;
			children = (
				1E38D73D1A2BB4A500742800 /* JSONService.swift */,
				1E38D73F1A2BB60F00742800 /* URLFactory.swift */,
				1ECB77EE1A28C8B3007AABB3 /* BeaconManager.swift */,
			);
			name = Networking;
			sourceTree = "<group>";
		};
		1E8283511A2534D000889E31 = {
			isa = PBXGroup;
			children = (
				1E3538931A3E3614003EA851 /* UIKit.framework */,
				1E3538911A3E35F1003EA851 /* CoreGraphics.framework */,
				1E35388F1A3E35E6003EA851 /* QuartzCore.framework */,
				1E35388D1A3E35DD003EA851 /* libxml2.dylib */,
				1E35388B1A3E35CF003EA851 /* CoreImage.framework */,
				1E3538891A3E35B2003EA851 /* CoreText.framework */,
				1ECB77F01A28CC80007AABB3 /* CoreLocation.framework */,
				1E82835C1A2534D000889E31 /* Projet S9 */,
				1E8283721A2534D000889E31 /* Projet S9Tests */,
				1E82835B1A2534D000889E31 /* Products */,
			);
			sourceTree = "<group>";
		};
		1E82835B1A2534D000889E31 /* Products */ = {
			isa = PBXGroup;
			children = (
				1E82835A1A2534D000889E31 /* Projet S9.app */,
				1E82836F1A2534D000889E31 /* Projet S9Tests.xctest */,
			);
			name = Products;
			sourceTree = "<group>";
		};
		1E82835C1A2534D000889E31 /* Projet S9 */ = {
			isa = PBXGroup;
			children = (
				1E82835F1A2534D000889E31 /* AppDelegate.swift */,
				1E8283661A2534D000889E31 /* Images.xcassets */,
				1E82835D1A2534D000889E31 /* Supporting Files */,
				0317BCB31A27776E0032208E /* DataManager.swift */,
				1E38D73C1A2BB43500742800 /* Networking */,
				1E38D7371A2BAE1B00742800 /* Libraries */,
				1EC96AF81A2B36A5001B1065 /* Model */,
				1EC96AF71A2B3273001B1065 /* UI */,
			);
			path = "Projet S9";
			sourceTree = "<group>";
		};
		1E82835D1A2534D000889E31 /* Supporting Files */ = {
			isa = PBXGroup;
			children = (
				1E82835E1A2534D000889E31 /* Info.plist */,
			);
			name = "Supporting Files";
			sourceTree = "<group>";
		};
		1E8283721A2534D000889E31 /* Projet S9Tests */ = {
			isa = PBXGroup;
			children = (
				1E8283751A2534D000889E31 /* Projet_S9Tests.swift */,
				1E8283731A2534D000889E31 /* Supporting Files */,
			);
			path = "Projet S9Tests";
			sourceTree = "<group>";
		};
		1E8283731A2534D000889E31 /* Supporting Files */ = {
			isa = PBXGroup;
			children = (
				1E8283741A2534D000889E31 /* Info.plist */,
			);
			name = "Supporting Files";
			sourceTree = "<group>";
		};
		1E82837F1A2535E600889E31 /* ECSlidingViewController */ = {
			isa = PBXGroup;
			children = (
				1E8283801A2535E600889E31 /* ECPercentDrivenInteractiveTransition.h */,
				1E8283811A2535E600889E31 /* ECPercentDrivenInteractiveTransition.m */,
				1E8283821A2535E600889E31 /* ECSlidingAnimationController.h */,
				1E8283831A2535E600889E31 /* ECSlidingAnimationController.m */,
				1E8283841A2535E600889E31 /* ECSlidingConstants.h */,
				1E8283851A2535E600889E31 /* ECSlidingInteractiveTransition.h */,
				1E8283861A2535E600889E31 /* ECSlidingInteractiveTransition.m */,
				1E8283871A2535E600889E31 /* ECSlidingSegue.h */,
				1E8283881A2535E600889E31 /* ECSlidingSegue.m */,
				1E8283891A2535E600889E31 /* ECSlidingViewController.h */,
				1E82838A1A2535E600889E31 /* ECSlidingViewController.m */,
				1E82838B1A2535E600889E31 /* UIViewController+ECSlidingViewController.h */,
				1E82838C1A2535E600889E31 /* UIViewController+ECSlidingViewController.m */,
			);
			path = ECSlidingViewController;
			sourceTree = "<group>";
		};
		1EC96AF71A2B3273001B1065 /* UI */ = {
			isa = PBXGroup;
			children = (
				1E82837F1A2535E600889E31 /* ECSlidingViewController */,
				1E3538971A3E3E44003EA851 /* HomeViewController.swift */,
				1ECA75ED1A45940400FA9D07 /* SVG */,
				1E3538981A3E3E44003EA851 /* MapViewController.swift */,
				1E3538991A3E3E44003EA851 /* MenuViewController.swift */,
				1E8283951A2648C600889E31 /* Projet-S9-Bridging-Header.h */,
				1E8283631A2534D000889E31 /* Main.storyboard */,
				1E8283681A2534D000889E31 /* LaunchScreen.xib */,
				0317BCBB1A27F2450032208E /* ConferenceTableViewController.swift */,
			);
			name = UI;
			sourceTree = "<group>";
		};
		1EC96AF81A2B36A5001B1065 /* Model */ = {
			isa = PBXGroup;
			children = (
				1EC96AF91A2B36C4001B1065 /* Conference.swift */,
				1EBA50381A3CD9AD00894C4D /* MenuItem.swift */,
				1EC96AFB1A2B3B7E001B1065 /* Track.swift */,
				1EC96AFD1A2B4059001B1065 /* Session.swift */,
				1EC96AFF1A2B415D001B1065 /* Talk.swift */,
				1E38D7351A2B8D4400742800 /* ModelBuilder.swift */,
			);
			name = Model;
			sourceTree = "<group>";
		};
		1ECA75591A44C8DB00FA9D07 /* SVGKit */ = {
			isa = PBXGroup;
			children = (
				1E84C1B61A45976100180DF2 /* libSVGKit-iOS.1.2.0.a */,
				1ECA755B1A44C8DB00FA9D07 /* usr */,
			);
			path = SVGKit;
			sourceTree = "<group>";
		};
		1ECA755B1A44C8DB00FA9D07 /* usr */ = {
			isa = PBXGroup;
			children = (
				1ECA755C1A44C8DB00FA9D07 /* local */,
			);
			path = usr;
			sourceTree = "<group>";
		};
		1ECA755C1A44C8DB00FA9D07 /* local */ = {
			isa = PBXGroup;
			children = (
				1ECA755D1A44C8DB00FA9D07 /* include */,
			);
			path = local;
			sourceTree = "<group>";
		};
		1ECA755D1A44C8DB00FA9D07 /* include */ = {
			isa = PBXGroup;
			children = (
				1ECA755E1A44C8DB00FA9D07 /* AppleSucksDOMImplementation.h */,
				1ECA755F1A44C8DB00FA9D07 /* Attr.h */,
				1ECA75601A44C8DB00FA9D07 /* BaseClassForAllSVGBasicShapes.h */,
				1ECA75611A44C8DB00FA9D07 /* BaseClassForAllSVGBasicShapes_ForSubclasses.h */,
				1ECA75621A44C8DB00FA9D07 /* CALayer+RecursiveClone.h */,
				1ECA75631A44C8DB00FA9D07 /* CALayerExporter.h */,
				1ECA75641A44C8DB00FA9D07 /* CALayerWithChildHitTest.h */,
				1ECA75651A44C8DB00FA9D07 /* CALayerWithClipRender.h */,
				1ECA75661A44C8DB00FA9D07 /* CAShapeLayerWithClipRender.h */,
				1ECA75671A44C8DB00FA9D07 /* CAShapeLayerWithHitTest.h */,
				1ECA75681A44C8DB00FA9D07 /* CDATASection.h */,
				1ECA75691A44C8DB00FA9D07 /* CGPathAdditions.h */,
				1ECA756A1A44C8DB00FA9D07 /* CharacterData.h */,
				1ECA756B1A44C8DB00FA9D07 /* Comment.h */,
				1ECA756C1A44C8DB00FA9D07 /* ContextFilterLogFormatter.h */,
				1ECA756D1A44C8DB00FA9D07 /* ConverterSVGToCALayer.h */,
				1ECA756E1A44C8DB00FA9D07 /* CSSPrimitiveValue.h */,
				1ECA756F1A44C8DB00FA9D07 /* CSSRule.h */,
				1ECA75701A44C8DC00FA9D07 /* CSSRuleList+Mutable.h */,
				1ECA75711A44C8DC00FA9D07 /* CSSRuleList.h */,
				1ECA75721A44C8DC00FA9D07 /* CSSStyleDeclaration.h */,
				1ECA75731A44C8DC00FA9D07 /* CSSStyleRule.h */,
				1ECA75741A44C8DC00FA9D07 /* CSSStyleSheet.h */,
				1ECA75751A44C8DC00FA9D07 /* CSSValue.h */,
				1ECA75761A44C8DC00FA9D07 /* CSSValue_ForSubclasses.h */,
				1ECA75771A44C8DC00FA9D07 /* CSSValueList.h */,
				1ECA75781A44C8DC00FA9D07 /* DDAbstractDatabaseLogger.h */,
				1ECA75791A44C8DC00FA9D07 /* DDASLLogger.h */,
				1ECA757A1A44C8DC00FA9D07 /* DDFileLogger.h */,
				1ECA757B1A44C8DC00FA9D07 /* DDLog.h */,
				1ECA757C1A44C8DC00FA9D07 /* DDTTYLogger.h */,
				1ECA757D1A44C8DC00FA9D07 /* DispatchQueueLogFormatter.h */,
				1ECA757E1A44C8DC00FA9D07 /* Document+Mutable.h */,
				1ECA757F1A44C8DC00FA9D07 /* Document.h */,
				1ECA75801A44C8DC00FA9D07 /* DocumentCSS.h */,
				1ECA75811A44C8DC00FA9D07 /* DocumentFragment.h */,
				1ECA75821A44C8DC00FA9D07 /* DocumentStyle.h */,
				1ECA75831A44C8DC00FA9D07 /* DocumentType.h */,
				1ECA75841A44C8DC00FA9D07 /* DOMGlobalSettings.h */,
				1ECA75851A44C8DC00FA9D07 /* DOMHelperUtilities.h */,
				1ECA75861A44C8DC00FA9D07 /* Element.h */,
				1ECA75871A44C8DC00FA9D07 /* EntityReference.h */,
				1ECA75881A44C8DC00FA9D07 /* MediaList.h */,
				1ECA75891A44C8DC00FA9D07 /* NamedNodeMap.h */,
				1ECA758A1A44C8DC00FA9D07 /* NamedNodeMap_Iterable.h */,
				1ECA758B1A44C8DC00FA9D07 /* Node+Mutable.h */,
				1ECA758C1A44C8DC00FA9D07 /* Node.h */,
				1ECA758D1A44C8DC00FA9D07 /* NodeList+Mutable.h */,
				1ECA758E1A44C8DC00FA9D07 /* NodeList.h */,
				1ECA758F1A44C8DC00FA9D07 /* NSCharacterSet+SVGKExtensions.h */,
				1ECA75901A44C8DC00FA9D07 /* NSData+NSInputStream.h */,
				1ECA75911A44C8DC00FA9D07 /* ProcessingInstruction.h */,
				1ECA75921A44C8DC00FA9D07 /* StyleSheet.h */,
				1ECA75931A44C8DC00FA9D07 /* StyleSheetList.h */,
				1ECA75941A44C8DC00FA9D07 /* SVGAngle.h */,
				1ECA75951A44C8DC00FA9D07 /* SVGAnimatedPreserveAspectRatio.h */,
				1ECA75961A44C8DC00FA9D07 /* SVGCircleElement.h */,
				1ECA75971A44C8DC00FA9D07 /* SVGClipPathElement.h */,
				1ECA75981A44C8DC00FA9D07 /* SVGDefsElement.h */,
				1ECA75991A44C8DC00FA9D07 /* SVGDescriptionElement.h */,
				1ECA759A1A44C8DC00FA9D07 /* SVGDocument.h */,
				1ECA759B1A44C8DC00FA9D07 /* SVGDocument_Mutable.h */,
				1ECA759C1A44C8DC00FA9D07 /* SVGElement.h */,
				1ECA759D1A44C8DC00FA9D07 /* SVGElement_ForParser.h */,
				1ECA759E1A44C8DC00FA9D07 /* SVGElementInstance.h */,
				1ECA759F1A44C8DC00FA9D07 /* SVGElementInstance_Mutable.h */,
				1ECA75A01A44C8DC00FA9D07 /* SVGElementInstanceList.h */,
				1ECA75A11A44C8DC00FA9D07 /* SVGElementInstanceList_Internal.h */,
				1ECA75A21A44C8DC00FA9D07 /* SVGEllipseElement.h */,
				1ECA75A31A44C8DC00FA9D07 /* SVGFitToViewBox.h */,
				1ECA75A41A44C8DC00FA9D07 /* SVGGElement.h */,
				1ECA75A51A44C8DC00FA9D07 /* SVGGradientElement.h */,
				1ECA75A61A44C8DC00FA9D07 /* SVGGradientLayer.h */,
				1ECA75A71A44C8DC00FA9D07 /* SVGGradientStop.h */,
				1ECA75A81A44C8DC00FA9D07 /* SVGGroupElement.h */,
				1ECA75A91A44C8DC00FA9D07 /* SVGHelperUtilities.h */,
				1ECA75AA1A44C8DC00FA9D07 /* SVGImageElement.h */,
				1ECA75AB1A44C8DC00FA9D07 /* SVGKExporterNSData.h */,
				1ECA75AC1A44C8DC00FA9D07 /* SVGKExporterUIImage.h */,
				1ECA75AD1A44C8DC00FA9D07 /* SVGKFastImageView.h */,
				1ECA75AE1A44C8DC00FA9D07 /* SVGKImage+CGContext.h */,
				1ECA75AF1A44C8DC00FA9D07 /* SVGKImage.h */,
				1ECA75B01A44C8DC00FA9D07 /* SVGKImageView.h */,
				1ECA75B11A44C8DC00FA9D07 /* SVGKit.h */,
				1ECA75B21A44C8DC00FA9D07 /* SVGKLayer.h */,
				1ECA75B31A44C8DC00FA9D07 /* SVGKLayeredImageView.h */,
				1ECA75B41A44C8DC00FA9D07 /* SVGKParser.h */,
				1ECA75B51A44C8DC00FA9D07 /* SVGKParserDefsAndUse.h */,
				1ECA75B61A44C8DC00FA9D07 /* SVGKParserDOM.h */,
				1ECA75B71A44C8DC00FA9D07 /* SVGKParseResult.h */,
				1ECA75B81A44C8DC00FA9D07 /* SVGKParserExtension.h */,
				1ECA75B91A44C8DC00FA9D07 /* SVGKParserGradient.h */,
				1ECA75BA1A44C8DC00FA9D07 /* SVGKParserPatternsAndGradients.h */,
				1ECA75BB1A44C8DC00FA9D07 /* SVGKParserStyles.h */,
				1ECA75BC1A44C8DC00FA9D07 /* SVGKParserSVG.h */,
				1ECA75BD1A44C8DC00FA9D07 /* SVGKPattern.h */,
				1ECA75BE1A44C8DC00FA9D07 /* SVGKPointsAndPathsParser.h */,
				1ECA75BF1A44C8DC00FA9D07 /* SVGKSource.h */,
				1ECA75C01A44C8DC00FA9D07 /* SVGKSourceLocalFile.h */,
				1ECA75C11A44C8DC00FA9D07 /* SVGKSourceNSData.h */,
				1ECA75C21A44C8DC00FA9D07 /* SVGKSourceString.h */,
				1ECA75C31A44C8DC00FA9D07 /* SVGKSourceURL.h */,
				1ECA75C41A44C8DC00FA9D07 /* SVGLength.h */,
				1ECA75C51A44C8DC00FA9D07 /* SVGLineElement.h */,
				1ECA75C61A44C8DC00FA9D07 /* SVGMatrix.h */,
				1ECA75C71A44C8DC00FA9D07 /* SVGNumber.h */,
				1ECA75C81A44C8DC00FA9D07 /* SVGPathElement.h */,
				1ECA75C91A44C8DC00FA9D07 /* SVGPoint.h */,
				1ECA75CA1A44C8DC00FA9D07 /* SVGPolygonElement.h */,
				1ECA75CB1A44C8DC00FA9D07 /* SVGPolylineElement.h */,
				1ECA75CC1A44C8DC00FA9D07 /* SVGPreserveAspectRatio.h */,
				1ECA75CD1A44C8DC00FA9D07 /* SVGRect.h */,
				1ECA75CE1A44C8DC00FA9D07 /* SVGRectElement.h */,
				1ECA75CF1A44C8DC00FA9D07 /* SVGStylable.h */,
				1ECA75D01A44C8DC00FA9D07 /* SVGStyleCatcher.h */,
				1ECA75D11A44C8DC00FA9D07 /* SVGStyleElement.h */,
				1ECA75D21A44C8DC00FA9D07 /* SVGSVGElement.h */,
				1ECA75D31A44C8DC00FA9D07 /* SVGSVGElement_Mutable.h */,
				1ECA75D41A44C8DC00FA9D07 /* SVGTextContentElement.h */,
				1ECA75D51A44C8DC00FA9D07 /* SVGTextElement.h */,
				1ECA75D61A44C8DC00FA9D07 /* SVGTextPositioningElement.h */,
				1ECA75D71A44C8DC00FA9D07 /* SVGTextPositioningElement_Mutable.h */,
				1ECA75D81A44C8DC00FA9D07 /* SVGTitleElement.h */,
				1ECA75D91A44C8DC00FA9D07 /* SVGTransform.h */,
				1ECA75DA1A44C8DC00FA9D07 /* SVGTransformable.h */,
				1ECA75DB1A44C8DC00FA9D07 /* SVGUnitTypes.h */,
				1ECA75DC1A44C8DC00FA9D07 /* SVGUseElement.h */,
				1ECA75DD1A44C8DC00FA9D07 /* SVGUseElement_Mutable.h */,
				1ECA75DE1A44C8DC00FA9D07 /* SVGUtils.h */,
				1ECA75DF1A44C8DC00FA9D07 /* SVGViewSpec.h */,
				1ECA75E01A44C8DC00FA9D07 /* Text.h */,
				1ECA75E11A44C8DC00FA9D07 /* TinySVGTextAreaElement.h */,
			);
			path = include;
			sourceTree = "<group>";
		};
		1ECA75ED1A45940400FA9D07 /* SVG */ = {
			isa = PBXGroup;
			children = (
				1ECA75E31A45940000FA9D07 /* R+1.svg */,
				1ECA75E41A45940000FA9D07 /* R+2.svg */,
				1ECA75E51A45940000FA9D07 /* R+3.svg */,
				1ECA75E61A45940000FA9D07 /* SS.svg */,
				1ECA75E71A45940000FA9D07 /* RDC.svg */,
			);
			name = SVG;
			sourceTree = "<group>";
		};
/* End PBXGroup section */

/* Begin PBXNativeTarget section */
		1E8283591A2534D000889E31 /* Projet S9 */ = {
			isa = PBXNativeTarget;
			buildConfigurationList = 1E8283791A2534D000889E31 /* Build configuration list for PBXNativeTarget "Projet S9" */;
			buildPhases = (
				1E8283561A2534D000889E31 /* Sources */,
				1E8283571A2534D000889E31 /* Frameworks */,
				1E8283581A2534D000889E31 /* Resources */,
			);
			buildRules = (
			);
			dependencies = (
			);
			name = "Projet S9";
			productName = "Projet S9";
			productReference = 1E82835A1A2534D000889E31 /* Projet S9.app */;
			productType = "com.apple.product-type.application";
		};
		1E82836E1A2534D000889E31 /* Projet S9Tests */ = {
			isa = PBXNativeTarget;
			buildConfigurationList = 1E82837C1A2534D000889E31 /* Build configuration list for PBXNativeTarget "Projet S9Tests" */;
			buildPhases = (
				1E82836B1A2534D000889E31 /* Sources */,
				1E82836C1A2534D000889E31 /* Frameworks */,
				1E82836D1A2534D000889E31 /* Resources */,
			);
			buildRules = (
			);
			dependencies = (
				1E8283711A2534D000889E31 /* PBXTargetDependency */,
			);
			name = "Projet S9Tests";
			productName = "Projet S9Tests";
			productReference = 1E82836F1A2534D000889E31 /* Projet S9Tests.xctest */;
			productType = "com.apple.product-type.bundle.unit-test";
		};
/* End PBXNativeTarget section */

/* Begin PBXProject section */
		1E8283521A2534D000889E31 /* Project object */ = {
			isa = PBXProject;
			attributes = {
				LastUpgradeCheck = 0610;
				ORGANIZATIONNAME = "Jérémie Foucault";
				TargetAttributes = {
					1E8283591A2534D000889E31 = {
						CreatedOnToolsVersion = 6.1;
						SystemCapabilities = {
							com.apple.BackgroundModes = {
								enabled = 1;
							};
						};
					};
					1E82836E1A2534D000889E31 = {
						CreatedOnToolsVersion = 6.1;
						TestTargetID = 1E8283591A2534D000889E31;
					};
				};
			};
			buildConfigurationList = 1E8283551A2534D000889E31 /* Build configuration list for PBXProject "Projet S9" */;
			compatibilityVersion = "Xcode 3.2";
			developmentRegion = English;
			hasScannedForEncodings = 0;
			knownRegions = (
				en,
				Base,
			);
			mainGroup = 1E8283511A2534D000889E31;
			productRefGroup = 1E82835B1A2534D000889E31 /* Products */;
			projectDirPath = "";
			projectRoot = "";
			targets = (
				1E8283591A2534D000889E31 /* Projet S9 */,
				1E82836E1A2534D000889E31 /* Projet S9Tests */,
			);
		};
/* End PBXProject section */

/* Begin PBXResourcesBuildPhase section */
		1E8283581A2534D000889E31 /* Resources */ = {
			isa = PBXResourcesBuildPhase;
			buildActionMask = 2147483647;
			files = (
				1E8283651A2534D000889E31 /* Main.storyboard in Resources */,
				1ECA75EB1A45940000FA9D07 /* SS.svg in Resources */,
				1E82836A1A2534D000889E31 /* LaunchScreen.xib in Resources */,
				1E8283671A2534D000889E31 /* Images.xcassets in Resources */,
				1ECA75EA1A45940000FA9D07 /* R+3.svg in Resources */,
				1ECA75E81A45940000FA9D07 /* R+1.svg in Resources */,
				1ECA75EC1A45940000FA9D07 /* RDC.svg in Resources */,
				1ECA75E91A45940000FA9D07 /* R+2.svg in Resources */,
			);
			runOnlyForDeploymentPostprocessing = 0;
		};
		1E82836D1A2534D000889E31 /* Resources */ = {
			isa = PBXResourcesBuildPhase;
			buildActionMask = 2147483647;
			files = (
			);
			runOnlyForDeploymentPostprocessing = 0;
		};
/* End PBXResourcesBuildPhase section */

/* Begin PBXSourcesBuildPhase section */
		1E8283561A2534D000889E31 /* Sources */ = {
			isa = PBXSourcesBuildPhase;
			buildActionMask = 2147483647;
			files = (
				1EBA50391A3CD9AD00894C4D /* MenuItem.swift in Sources */,
				0317BCB41A27776E0032208E /* DataManager.swift in Sources */,
				1E38D7391A2BB3BB00742800 /* Operators.swift in Sources */,
				1EC96AFE1A2B4059001B1065 /* Session.swift in Sources */,
				1ECB77EF1A28C8B3007AABB3 /* BeaconManager.swift in Sources */,
				1E82838F1A2535E600889E31 /* ECSlidingInteractiveTransition.m in Sources */,
				0317BCB61A277CE50032208E /* SwiftJSON.swift in Sources */,
				1E35392A1A3F09E9003EA851 /* MenuViewController.swift in Sources */,
				1E3539291A3F09E3003EA851 /* MapViewController.swift in Sources */,
				1E35389A1A3E3E44003EA851 /* HomeViewController.swift in Sources */,
				1E38D7361A2B8D4400742800 /* ModelBuilder.swift in Sources */,
				1EC96B001A2B415D001B1065 /* Talk.swift in Sources */,
				0317BCBC1A27F2450032208E /* ConferenceTableViewController.swift in Sources */,
				1E8283911A2535E600889E31 /* ECSlidingViewController.m in Sources */,
				1E38D7401A2BB60F00742800 /* URLFactory.swift in Sources */,
				1E8283901A2535E600889E31 /* ECSlidingSegue.m in Sources */,
				1E8283601A2534D000889E31 /* AppDelegate.swift in Sources */,
				1E38D73B1A2BB3D900742800 /* JSON.swift in Sources */,
				1EC96AFC1A2B3B7E001B1065 /* Track.swift in Sources */,
				1E38D73E1A2BB4A500742800 /* JSONService.swift in Sources */,
				1E82838D1A2535E600889E31 /* ECPercentDrivenInteractiveTransition.m in Sources */,
				1EC96AFA1A2B36C4001B1065 /* Conference.swift in Sources */,
				1E8283921A2535E600889E31 /* UIViewController+ECSlidingViewController.m in Sources */,
				1E82838E1A2535E600889E31 /* ECSlidingAnimationController.m in Sources */,
			);
			runOnlyForDeploymentPostprocessing = 0;
		};
		1E82836B1A2534D000889E31 /* Sources */ = {
			isa = PBXSourcesBuildPhase;
			buildActionMask = 2147483647;
			files = (
				1E8283761A2534D000889E31 /* Projet_S9Tests.swift in Sources */,
			);
			runOnlyForDeploymentPostprocessing = 0;
		};
/* End PBXSourcesBuildPhase section */

/* Begin PBXTargetDependency section */
		1E8283711A2534D000889E31 /* PBXTargetDependency */ = {
			isa = PBXTargetDependency;
			target = 1E8283591A2534D000889E31 /* Projet S9 */;
			targetProxy = 1E8283701A2534D000889E31 /* PBXContainerItemProxy */;
		};
/* End PBXTargetDependency section */

/* Begin PBXVariantGroup section */
		1E8283631A2534D000889E31 /* Main.storyboard */ = {
			isa = PBXVariantGroup;
			children = (
				1E8283641A2534D000889E31 /* Base */,
			);
			name = Main.storyboard;
			sourceTree = "<group>";
		};
		1E8283681A2534D000889E31 /* LaunchScreen.xib */ = {
			isa = PBXVariantGroup;
			children = (
				1E8283691A2534D000889E31 /* Base */,
			);
			name = LaunchScreen.xib;
			sourceTree = "<group>";
		};
/* End PBXVariantGroup section */

/* Begin XCBuildConfiguration section */
		1E8283771A2534D000889E31 /* Debug */ = {
			isa = XCBuildConfiguration;
			buildSettings = {
				ALWAYS_SEARCH_USER_PATHS = NO;
				CLANG_CXX_LANGUAGE_STANDARD = "gnu++0x";
				CLANG_CXX_LIBRARY = "libc++";
				CLANG_ENABLE_MODULES = YES;
				CLANG_ENABLE_OBJC_ARC = YES;
				CLANG_WARN_BOOL_CONVERSION = YES;
				CLANG_WARN_CONSTANT_CONVERSION = YES;
				CLANG_WARN_DIRECT_OBJC_ISA_USAGE = YES_ERROR;
				CLANG_WARN_EMPTY_BODY = YES;
				CLANG_WARN_ENUM_CONVERSION = YES;
				CLANG_WARN_INT_CONVERSION = YES;
				CLANG_WARN_OBJC_ROOT_CLASS = YES_ERROR;
				CLANG_WARN_UNREACHABLE_CODE = YES;
				CLANG_WARN__DUPLICATE_METHOD_MATCH = YES;
				"CODE_SIGN_IDENTITY[sdk=iphoneos*]" = "iPhone Developer";
				COPY_PHASE_STRIP = NO;
				ENABLE_STRICT_OBJC_MSGSEND = YES;
				GCC_C_LANGUAGE_STANDARD = gnu99;
				GCC_DYNAMIC_NO_PIC = NO;
				GCC_OPTIMIZATION_LEVEL = 0;
				GCC_PREPROCESSOR_DEFINITIONS = (
					"DEBUG=1",
					"$(inherited)",
				);
				GCC_SYMBOLS_PRIVATE_EXTERN = NO;
				GCC_WARN_64_TO_32_BIT_CONVERSION = YES;
				GCC_WARN_ABOUT_RETURN_TYPE = YES_ERROR;
				GCC_WARN_UNDECLARED_SELECTOR = YES;
				GCC_WARN_UNINITIALIZED_AUTOS = YES_AGGRESSIVE;
				GCC_WARN_UNUSED_FUNCTION = YES;
				GCC_WARN_UNUSED_VARIABLE = YES;
				IPHONEOS_DEPLOYMENT_TARGET = 8.1;
				MTL_ENABLE_DEBUG_INFO = YES;
				ONLY_ACTIVE_ARCH = YES;
				SDKROOT = iphoneos;
				SWIFT_OPTIMIZATION_LEVEL = "-Onone";
			};
			name = Debug;
		};
		1E8283781A2534D000889E31 /* Release */ = {
			isa = XCBuildConfiguration;
			buildSettings = {
				ALWAYS_SEARCH_USER_PATHS = NO;
				CLANG_CXX_LANGUAGE_STANDARD = "gnu++0x";
				CLANG_CXX_LIBRARY = "libc++";
				CLANG_ENABLE_MODULES = YES;
				CLANG_ENABLE_OBJC_ARC = YES;
				CLANG_WARN_BOOL_CONVERSION = YES;
				CLANG_WARN_CONSTANT_CONVERSION = YES;
				CLANG_WARN_DIRECT_OBJC_ISA_USAGE = YES_ERROR;
				CLANG_WARN_EMPTY_BODY = YES;
				CLANG_WARN_ENUM_CONVERSION = YES;
				CLANG_WARN_INT_CONVERSION = YES;
				CLANG_WARN_OBJC_ROOT_CLASS = YES_ERROR;
				CLANG_WARN_UNREACHABLE_CODE = YES;
				CLANG_WARN__DUPLICATE_METHOD_MATCH = YES;
				"CODE_SIGN_IDENTITY[sdk=iphoneos*]" = "iPhone Developer";
				COPY_PHASE_STRIP = YES;
				ENABLE_NS_ASSERTIONS = NO;
				ENABLE_STRICT_OBJC_MSGSEND = YES;
				GCC_C_LANGUAGE_STANDARD = gnu99;
				GCC_WARN_64_TO_32_BIT_CONVERSION = YES;
				GCC_WARN_ABOUT_RETURN_TYPE = YES_ERROR;
				GCC_WARN_UNDECLARED_SELECTOR = YES;
				GCC_WARN_UNINITIALIZED_AUTOS = YES_AGGRESSIVE;
				GCC_WARN_UNUSED_FUNCTION = YES;
				GCC_WARN_UNUSED_VARIABLE = YES;
				IPHONEOS_DEPLOYMENT_TARGET = 8.1;
				MTL_ENABLE_DEBUG_INFO = NO;
				SDKROOT = iphoneos;
				VALIDATE_PRODUCT = YES;
			};
			name = Release;
		};
		1E82837A1A2534D000889E31 /* Debug */ = {
			isa = XCBuildConfiguration;
			buildSettings = {
				ASSETCATALOG_COMPILER_APPICON_NAME = AppIcon;
				CODE_SIGN_IDENTITY = "iPhone Developer";
				GCC_VERSION = "";
				INFOPLIST_FILE = "Projet S9/Info.plist";
				IPHONEOS_DEPLOYMENT_TARGET = 8.0;
				LD_RUNPATH_SEARCH_PATHS = "$(inherited) @executable_path/Frameworks";
				LIBRARY_SEARCH_PATHS = (
					"$(inherited)",
					"$(PROJECT_DIR)/Projet",
					S9,
					"/Users/Jeremie/Dropbox/ENSEIRB/3A/Projet/projets9-ios/Projet",
					S9/SVGKit,
					"$(PROJECT_DIR)/Projet",
					S9/SVGKit,
					"$(PROJECT_DIR)/Projet",
					S9/SVGKit,
				);
				OTHER_LDFLAGS = "-ObjC";
				PRODUCT_NAME = "$(TARGET_NAME)";
				SWIFT_OBJC_BRIDGING_HEADER = "Projet S9/Projet-S9-Bridging-Header.h";
			};
			name = Debug;
		};
		1E82837B1A2534D000889E31 /* Release */ = {
			isa = XCBuildConfiguration;
			buildSettings = {
				ASSETCATALOG_COMPILER_APPICON_NAME = AppIcon;
				CODE_SIGN_IDENTITY = "iPhone Developer";
				GCC_VERSION = "";
				INFOPLIST_FILE = "Projet S9/Info.plist";
				IPHONEOS_DEPLOYMENT_TARGET = 8.0;
				LD_RUNPATH_SEARCH_PATHS = "$(inherited) @executable_path/Frameworks";
				LIBRARY_SEARCH_PATHS = (
					"$(inherited)",
					"$(PROJECT_DIR)/Projet",
					S9,
					"/Users/Jeremie/Dropbox/ENSEIRB/3A/Projet/projets9-ios/Projet",
					S9/SVGKit,
					"$(PROJECT_DIR)/Projet",
					S9/SVGKit,
					"$(PROJECT_DIR)/Projet",
					S9/SVGKit,
				);
				OTHER_LDFLAGS = "-ObjC";
				PRODUCT_NAME = "$(TARGET_NAME)";
				SWIFT_OBJC_BRIDGING_HEADER = "Projet S9/Projet-S9-Bridging-Header.h";
			};
			name = Release;
		};
		1E82837D1A2534D000889E31 /* Debug */ = {
			isa = XCBuildConfiguration;
			buildSettings = {
				BUNDLE_LOADER = "$(TEST_HOST)";
				FRAMEWORK_SEARCH_PATHS = (
					"$(SDKROOT)/Developer/Library/Frameworks",
					"$(inherited)",
				);
				GCC_PREPROCESSOR_DEFINITIONS = (
					"DEBUG=1",
					"$(inherited)",
				);
				INFOPLIST_FILE = "Projet S9Tests/Info.plist";
				LD_RUNPATH_SEARCH_PATHS = "$(inherited) @executable_path/Frameworks @loader_path/Frameworks";
				PRODUCT_NAME = "$(TARGET_NAME)";
				TEST_HOST = "$(BUILT_PRODUCTS_DIR)/Projet S9.app/Projet S9";
			};
			name = Debug;
		};
		1E82837E1A2534D000889E31 /* Release */ = {
			isa = XCBuildConfiguration;
			buildSettings = {
				BUNDLE_LOADER = "$(TEST_HOST)";
				FRAMEWORK_SEARCH_PATHS = (
					"$(SDKROOT)/Developer/Library/Frameworks",
					"$(inherited)",
				);
				INFOPLIST_FILE = "Projet S9Tests/Info.plist";
				LD_RUNPATH_SEARCH_PATHS = "$(inherited) @executable_path/Frameworks @loader_path/Frameworks";
				PRODUCT_NAME = "$(TARGET_NAME)";
				TEST_HOST = "$(BUILT_PRODUCTS_DIR)/Projet S9.app/Projet S9";
			};
			name = Release;
		};
/* End XCBuildConfiguration section */

/* Begin XCConfigurationList section */
		1E8283551A2534D000889E31 /* Build configuration list for PBXProject "Projet S9" */ = {
			isa = XCConfigurationList;
			buildConfigurations = (
				1E8283771A2534D000889E31 /* Debug */,
				1E8283781A2534D000889E31 /* Release */,
			);
			defaultConfigurationIsVisible = 0;
			defaultConfigurationName = Release;
		};
		1E8283791A2534D000889E31 /* Build configuration list for PBXNativeTarget "Projet S9" */ = {
			isa = XCConfigurationList;
			buildConfigurations = (
				1E82837A1A2534D000889E31 /* Debug */,
				1E82837B1A2534D000889E31 /* Release */,
			);
			defaultConfigurationIsVisible = 0;
			defaultConfigurationName = Release;
		};
		1E82837C1A2534D000889E31 /* Build configuration list for PBXNativeTarget "Projet S9Tests" */ = {
			isa = XCConfigurationList;
			buildConfigurations = (
				1E82837D1A2534D000889E31 /* Debug */,
				1E82837E1A2534D000889E31 /* Release */,
			);
			defaultConfigurationIsVisible = 0;
			defaultConfigurationName = Release;
		};
/* End XCConfigurationList section */
	};
	rootObject = 1E8283521A2534D000889E31 /* Project object */;
}
